{
  "name": "kphp-playground",
  "version": "1.0.0",
  "lockfileVersion": 2,
  "requires": true,
  "packages": {
    "": {
      "name": "kphp-playground",
      "version": "1.0.0",
      "dependencies": {
        "@codemirror/view": "^6.9.5",
        "code-mirror-themes": "^1.0.0"
      },
      "devDependencies": {
        "@prettier/plugin-php": "^0.19.5",
        "prettier": "^2.8.8"
      }
    },
    "node_modules/@codemirror/state": {
      "version": "6.2.0",
      "resolved": "https://registry.npmjs.org/@codemirror/state/-/state-6.2.0.tgz",
      "integrity": "sha512-69QXtcrsc3RYtOtd+GsvczJ319udtBf1PTrr2KbLWM/e2CXUPnh0Nz9AUo8WfhSQ7GeL8dPVNUmhQVgpmuaNGA=="
    },
    "node_modules/@codemirror/view": {
      "version": "6.9.5",
      "resolved": "https://registry.npmjs.org/@codemirror/view/-/view-6.9.5.tgz",
      "integrity": "sha512-IZwGdkn8PDyMkGms7bCMpFuTCg6+6eCZNgLOe9xQL4RYvMw1yYLviH+qoAqsNoYGpDt4HhHoW9v3FmalobFoKw==",
      "dependencies": {
        "@codemirror/state": "^6.1.4",
        "style-mod": "^4.0.0",
        "w3c-keyname": "^2.2.4"
      }
    },
    "node_modules/@prettier/plugin-php": {
      "version": "0.19.5",
      "resolved": "https://registry.npmjs.org/@prettier/plugin-php/-/plugin-php-0.19.5.tgz",
      "integrity": "sha512-AnmiB76G7qX2d7FbvGgABc3l4dVshOlBqxajiHe8nfMVTzmge7xDhiC28aP8OZafhIRksLKNRB1ZEemfN+j5pg==",
      "dev": true,
      "dependencies": {
        "linguist-languages": "^7.21.0",
        "mem": "^8.0.0",
        "php-parser": "^3.1.3"
      },
      "peerDependencies": {
        "prettier": "^1.15.0 || ^2.0.0"
      }
    },
    "node_modules/code-mirror-themes": {
      "version": "1.0.0",
      "resolved": "https://registry.npmjs.org/code-mirror-themes/-/code-mirror-themes-1.0.0.tgz",
      "integrity": "sha512-Sp+EOrAu10cvNMf5W81KgdtqdBvOUNglhH826dVhK1MsLYjzQx9S8ISnu0nnKYwH1sb3w51TT+B6WM1Wuj4hxw=="
    },
    "node_modules/linguist-languages": {
      "version": "7.21.0",
      "resolved": "https://registry.npmjs.org/linguist-languages/-/linguist-languages-7.21.0.tgz",
      "integrity": "sha512-KrWJJbFOvlDhjlt5OhUipVlXg+plUfRurICAyij1ZVxQcqPt/zeReb9KiUVdGUwwhS/2KS9h3TbyfYLA5MDlxQ==",
      "dev": true
    },
    "node_modules/map-age-cleaner": {
      "version": "0.1.3",
      "resolved": "https://registry.npmjs.org/map-age-cleaner/-/map-age-cleaner-0.1.3.tgz",
      "integrity": "sha512-bJzx6nMoP6PDLPBFmg7+xRKeFZvFboMrGlxmNj9ClvX53KrmvM5bXFXEWjbz4cz1AFn+jWJ9z/DJSz7hrs0w3w==",
      "dev": true,
      "dependencies": {
        "p-defer": "^1.0.0"
      },
      "engines": {
        "node": ">=6"
      }
    },
    "node_modules/mem": {
      "version": "8.1.1",
      "resolved": "https://registry.npmjs.org/mem/-/mem-8.1.1.tgz",
      "integrity": "sha512-qFCFUDs7U3b8mBDPyz5EToEKoAkgCzqquIgi9nkkR9bixxOVOre+09lbuH7+9Kn2NFpm56M3GUWVbU2hQgdACA==",
      "dev": true,
      "dependencies": {
        "map-age-cleaner": "^0.1.3",
        "mimic-fn": "^3.1.0"
      },
      "engines": {
        "node": ">=10"
      },
      "funding": {
        "url": "https://github.com/sindresorhus/mem?sponsor=1"
      }
    },
    "node_modules/mimic-fn": {
      "version": "3.1.0",
      "resolved": "https://registry.npmjs.org/mimic-fn/-/mimic-fn-3.1.0.tgz",
      "integrity": "sha512-Ysbi9uYW9hFyfrThdDEQuykN4Ey6BuwPD2kpI5ES/nFTDn/98yxYNLZJcgUAKPT/mcrLLKaGzJR9YVxJrIdASQ==",
      "dev": true,
      "engines": {
        "node": ">=8"
      }
    },
    "node_modules/p-defer": {
      "version": "1.0.0",
      "resolved": "https://registry.npmjs.org/p-defer/-/p-defer-1.0.0.tgz",
      "integrity": "sha512-wB3wfAxZpk2AzOfUMJNL+d36xothRSyj8EXOa4f6GMqYDN9BJaaSISbsk+wS9abmnebVw95C2Kb5t85UmpCxuw==",
      "dev": true,
      "engines": {
        "node": ">=4"
      }
    },
    "node_modules/php-parser": {
      "version": "3.1.4",
      "resolved": "https://registry.npmjs.org/php-parser/-/php-parser-3.1.4.tgz",
      "integrity": "sha512-WUEfH4FWsVItqgOknM67msDdcUAfgPJsHhPNl6EPXzWtX+PfdY282m4i8YIJ9ALUEhf+qGDajdmW+VYqSd7Deg==",
      "dev": true
    },
    "node_modules/prettier": {
      "version": "2.8.8",
      "resolved": "https://registry.npmjs.org/prettier/-/prettier-2.8.8.tgz",
      "integrity": "sha512-tdN8qQGvNjw4CHbY+XXk0JgCXn9QiF21a55rBe5LJAU+kDyC4WQn4+awm2Xfk2lQMk5fKup9XgzTZtGkjBdP9Q==",
      "dev": true,
      "bin": {
        "prettier": "bin-prettier.js"
      },
      "engines": {
        "node": ">=10.13.0"
      },
      "funding": {
        "url": "https://github.com/prettier/prettier?sponsor=1"
      }
    },
    "node_modules/style-mod": {
      "version": "4.0.3",
      "resolved": "https://registry.npmjs.org/style-mod/-/style-mod-4.0.3.tgz",
      "integrity": "sha512-78Jv8kYJdjbvRwwijtCevYADfsI0lGzYJe4mMFdceO8l75DFFDoqBhR1jVDicDRRaX4//g1u9wKeo+ztc2h1Rw=="
    },
    "node_modules/w3c-keyname": {
      "version": "2.2.6",
      "resolved": "https://registry.npmjs.org/w3c-keyname/-/w3c-keyname-2.2.6.tgz",
      "integrity": "sha512-f+fciywl1SJEniZHD6H+kUO8gOnwIr7f4ijKA6+ZvJFjeGi1r4PDLl53Ayud9O/rk64RqgoQine0feoeOU0kXg=="
    }
  },
  "dependencies": {
    "@codemirror/state": {
      "version": "6.2.0",
      "resolved": "https://registry.npmjs.org/@codemirror/state/-/state-6.2.0.tgz",
      "integrity": "sha512-69QXtcrsc3RYtOtd+GsvczJ319udtBf1PTrr2KbLWM/e2CXUPnh0Nz9AUo8WfhSQ7GeL8dPVNUmhQVgpmuaNGA=="
    },
    "@codemirror/view": {
      "version": "6.9.5",
      "resolved": "https://registry.npmjs.org/@codemirror/view/-/view-6.9.5.tgz",
      "integrity": "sha512-IZwGdkn8PDyMkGms7bCMpFuTCg6+6eCZNgLOe9xQL4RYvMw1yYLviH+qoAqsNoYGpDt4HhHoW9v3FmalobFoKw==",
      "requires": {
        "@codemirror/state": "^6.1.4",
        "style-mod": "^4.0.0",
        "w3c-keyname": "^2.2.4"
      }
    },
    "@prettier/plugin-php": {
      "version": "0.19.5",
      "resolved": "https://registry.npmjs.org/@prettier/plugin-php/-/plugin-php-0.19.5.tgz",
      "integrity": "sha512-AnmiB76G7qX2d7FbvGgABc3l4dVshOlBqxajiHe8nfMVTzmge7xDhiC28aP8OZafhIRksLKNRB1ZEemfN+j5pg==",
      "dev": true,
      "requires": {
        "linguist-languages": "^7.21.0",
        "mem": "^8.0.0",
        "php-parser": "^3.1.3"
      }
    },
    "code-mirror-themes": {
      "version": "1.0.0",
      "resolved": "https://registry.npmjs.org/code-mirror-themes/-/code-mirror-themes-1.0.0.tgz",
      "integrity": "sha512-Sp+EOrAu10cvNMf5W81KgdtqdBvOUNglhH826dVhK1MsLYjzQx9S8ISnu0nnKYwH1sb3w51TT+B6WM1Wuj4hxw=="
    },
    "linguist-languages": {
      "version": "7.21.0",
      "resolved": "https://registry.npmjs.org/linguist-languages/-/linguist-languages-7.21.0.tgz",
      "integrity": "sha512-KrWJJbFOvlDhjlt5OhUipVlXg+plUfRurICAyij1ZVxQcqPt/zeReb9KiUVdGUwwhS/2KS9h3TbyfYLA5MDlxQ==",
      "dev": true
    },
    "map-age-cleaner": {
      "version": "0.1.3",
      "resolved": "https://registry.npmjs.org/map-age-cleaner/-/map-age-cleaner-0.1.3.tgz",
      "integrity": "sha512-bJzx6nMoP6PDLPBFmg7+xRKeFZvFboMrGlxmNj9ClvX53KrmvM5bXFXEWjbz4cz1AFn+jWJ9z/DJSz7hrs0w3w==",
      "dev": true,
      "requires": {
        "p-defer": "^1.0.0"
      }
    },
    "mem": {
      "version": "8.1.1",
      "resolved": "https://registry.npmjs.org/mem/-/mem-8.1.1.tgz",
      "integrity": "sha512-qFCFUDs7U3b8mBDPyz5EToEKoAkgCzqquIgi9nkkR9bixxOVOre+09lbuH7+9Kn2NFpm56M3GUWVbU2hQgdACA==",
      "dev": true,
      "requires": {
        "map-age-cleaner": "^0.1.3",
        "mimic-fn": "^3.1.0"
      }
    },
    "mimic-fn": {
      "version": "3.1.0",
      "resolved": "https://registry.npmjs.org/mimic-fn/-/mimic-fn-3.1.0.tgz",
      "integrity": "sha512-Ysbi9uYW9hFyfrThdDEQuykN4Ey6BuwPD2kpI5ES/nFTDn/98yxYNLZJcgUAKPT/mcrLLKaGzJR9YVxJrIdASQ==",
      "dev": true
    },
    "p-defer": {
      "version": "1.0.0",
      "resolved": "https://registry.npmjs.org/p-defer/-/p-defer-1.0.0.tgz",
      "integrity": "sha512-wB3wfAxZpk2AzOfUMJNL+d36xothRSyj8EXOa4f6GMqYDN9BJaaSISbsk+wS9abmnebVw95C2Kb5t85UmpCxuw==",
      "dev": true
    },
    "php-parser": {
      "version": "3.1.4",
      "resolved": "https://registry.npmjs.org/php-parser/-/php-parser-3.1.4.tgz",
      "integrity": "sha512-WUEfH4FWsVItqgOknM67msDdcUAfgPJsHhPNl6EPXzWtX+PfdY282m4i8YIJ9ALUEhf+qGDajdmW+VYqSd7Deg==",
      "dev": true
    },
    "prettier": {
      "version": "2.8.8",
      "resolved": "https://registry.npmjs.org/prettier/-/prettier-2.8.8.tgz",
      "integrity": "sha512-tdN8qQGvNjw4CHbY+XXk0JgCXn9QiF21a55rBe5LJAU+kDyC4WQn4+awm2Xfk2lQMk5fKup9XgzTZtGkjBdP9Q==",
      "dev": true
    },
    "style-mod": {
      "version": "4.0.3",
      "resolved": "https://registry.npmjs.org/style-mod/-/style-mod-4.0.3.tgz",
      "integrity": "sha512-78Jv8kYJdjbvRwwijtCevYADfsI0lGzYJe4mMFdceO8l75DFFDoqBhR1jVDicDRRaX4//g1u9wKeo+ztc2h1Rw=="
    },
    "w3c-keyname": {
      "version": "2.2.6",
      "resolved": "https://registry.npmjs.org/w3c-keyname/-/w3c-keyname-2.2.6.tgz",
      "integrity": "sha512-f+fciywl1SJEniZHD6H+kUO8gOnwIr7f4ijKA6+ZvJFjeGi1r4PDLl53Ayud9O/rk64RqgoQine0feoeOU0kXg=="
    }
  }
}
